
Microsoft Visual Studio Solution File, Format Version 12.00
# Visual Studio Version 17
VisualStudioVersion = 17.7.34221.43
MinimumVisualStudioVersion = 10.0.40219.1
Project("{FAE04EC0-301F-11D3-BF4B-00C04F79EFBC}") = "DatabaseToets", "DatabaseToets\DatabaseToets.csproj", "{CFD98349-A535-4416-BBA1-E45A40EA26A0}"
EndProject
Global
	GlobalSection(SolutionConfigurationPlatforms) = preSolution
		Debug|Any CPU = Debug|Any CPU
		Release|Any CPU = Release|Any CPU
	EndGlobalSection
	GlobalSection(ProjectConfigurationPlatforms) = postSolution
		{CFD98349-A535-4416-BBA1-E45A40EA26A0}.Debug|Any CPU.ActiveCfg = Debug|Any CPU
		{CFD98349-A535-4416-BBA1-E45A40EA26A0}.Debug|Any CPU.Build.0 = Debug|Any CPU
		{CFD98349-A535-4416-BBA1-E45A40EA26A0}.Release|Any CPU.ActiveCfg = Release|Any CPU
		{CFD98349-A535-4416-BBA1-E45A40EA26A0}.Release|Any CPU.Build.0 = Release|Any CPU
	EndGlobalSection
	GlobalSection(SolutionProperties) = preSolution
		HideSolutionNode = FALSE
	EndGlobalSection
	GlobalSection(ExtensibilityGlobals) = postSolution
		SolutionGuid = {1EC81959-0ACB-4230-91A5-811032F4AD92}
	EndGlobalSection
EndGlobal
